
Microsoft Visual Studio Solution File, Format Version 12.00
# Visual Studio Version 17
VisualStudioVersion = 17.1.32228.430
MinimumVisualStudioVersion = 10.0.40219.1
Project("{9A19103F-16F7-4668-BE54-9A1E7A4F7556}") = "1_Connection", "1_Connection\1_Connection.csproj", "{B381C474-23D1-40DA-A78E-7468EF74BEC2}"
EndProject
Project("{9A19103F-16F7-4668-BE54-9A1E7A4F7556}") = "2_ConnectionHttps", "2_ConnectionHttps\2_ConnectionHttps.csproj", "{6E4B90A4-A912-4E30-8B08-C8204A614DF5}"
EndProject
Project("{9A19103F-16F7-4668-BE54-9A1E7A4F7556}") = "NestClient", "NestClient\NestClient.csproj", "{49491978-D1B3-4F71-823B-4B7E921831DB}"
EndProject
Project("{9A19103F-16F7-4668-BE54-9A1E7A4F7556}") = "CreateIndex", "CreateIndex\CreateIndex.csproj", "{781CE40F-2914-4635-8AA9-6ED10FC096C5}"
EndProject
Project("{9A19103F-16F7-4668-BE54-9A1E7A4F7556}") = "IndexDoc", "IndexDoc\IndexDoc.csproj", "{7483786D-7B47-4DB6-AC5B-02BE641D4AC5}"
EndProject
Project("{9A19103F-16F7-4668-BE54-9A1E7A4F7556}") = "BulkSpeed", "BulkSpeed\BulkSpeed.csproj", "{AEE5F2D0-5689-4065-96F4-8F4A641592A5}"
EndProject
Project("{FAE04EC0-301F-11D3-BF4B-00C04F79EFBC}") = "BulkIndexDocs", "BulkIndexDocs\BulkIndexDocs.csproj", "{26A6A8FC-8A09-4304-B2C8-DA2B7D1759F1}"
EndProject
Global
	GlobalSection(SolutionConfigurationPlatforms) = preSolution
		Debug|Any CPU = Debug|Any CPU
		Release|Any CPU = Release|Any CPU
	EndGlobalSection
	GlobalSection(ProjectConfigurationPlatforms) = postSolution
		{B381C474-23D1-40DA-A78E-7468EF74BEC2}.Debug|Any CPU.ActiveCfg = Debug|Any CPU
		{B381C474-23D1-40DA-A78E-7468EF74BEC2}.Debug|Any CPU.Build.0 = Debug|Any CPU
		{B381C474-23D1-40DA-A78E-7468EF74BEC2}.Release|Any CPU.ActiveCfg = Release|Any CPU
		{B381C474-23D1-40DA-A78E-7468EF74BEC2}.Release|Any CPU.Build.0 = Release|Any CPU
		{6E4B90A4-A912-4E30-8B08-C8204A614DF5}.Debug|Any CPU.ActiveCfg = Debug|Any CPU
		{6E4B90A4-A912-4E30-8B08-C8204A614DF5}.Debug|Any CPU.Build.0 = Debug|Any CPU
		{6E4B90A4-A912-4E30-8B08-C8204A614DF5}.Release|Any CPU.ActiveCfg = Release|Any CPU
		{6E4B90A4-A912-4E30-8B08-C8204A614DF5}.Release|Any CPU.Build.0 = Release|Any CPU
		{49491978-D1B3-4F71-823B-4B7E921831DB}.Debug|Any CPU.ActiveCfg = Debug|Any CPU
		{49491978-D1B3-4F71-823B-4B7E921831DB}.Debug|Any CPU.Build.0 = Debug|Any CPU
		{49491978-D1B3-4F71-823B-4B7E921831DB}.Release|Any CPU.ActiveCfg = Release|Any CPU
		{49491978-D1B3-4F71-823B-4B7E921831DB}.Release|Any CPU.Build.0 = Release|Any CPU
		{781CE40F-2914-4635-8AA9-6ED10FC096C5}.Debug|Any CPU.ActiveCfg = Debug|Any CPU
		{781CE40F-2914-4635-8AA9-6ED10FC096C5}.Debug|Any CPU.Build.0 = Debug|Any CPU
		{781CE40F-2914-4635-8AA9-6ED10FC096C5}.Release|Any CPU.ActiveCfg = Release|Any CPU
		{781CE40F-2914-4635-8AA9-6ED10FC096C5}.Release|Any CPU.Build.0 = Release|Any CPU
		{7483786D-7B47-4DB6-AC5B-02BE641D4AC5}.Debug|Any CPU.ActiveCfg = Debug|Any CPU
		{7483786D-7B47-4DB6-AC5B-02BE641D4AC5}.Debug|Any CPU.Build.0 = Debug|Any CPU
		{7483786D-7B47-4DB6-AC5B-02BE641D4AC5}.Release|Any CPU.ActiveCfg = Release|Any CPU
		{7483786D-7B47-4DB6-AC5B-02BE641D4AC5}.Release|Any CPU.Build.0 = Release|Any CPU
		{AEE5F2D0-5689-4065-96F4-8F4A641592A5}.Debug|Any CPU.ActiveCfg = Debug|Any CPU
		{AEE5F2D0-5689-4065-96F4-8F4A641592A5}.Debug|Any CPU.Build.0 = Debug|Any CPU
		{AEE5F2D0-5689-4065-96F4-8F4A641592A5}.Release|Any CPU.ActiveCfg = Release|Any CPU
		{AEE5F2D0-5689-4065-96F4-8F4A641592A5}.Release|Any CPU.Build.0 = Release|Any CPU
		{26A6A8FC-8A09-4304-B2C8-DA2B7D1759F1}.Debug|Any CPU.ActiveCfg = Debug|Any CPU
		{26A6A8FC-8A09-4304-B2C8-DA2B7D1759F1}.Debug|Any CPU.Build.0 = Debug|Any CPU
		{26A6A8FC-8A09-4304-B2C8-DA2B7D1759F1}.Release|Any CPU.ActiveCfg = Release|Any CPU
		{26A6A8FC-8A09-4304-B2C8-DA2B7D1759F1}.Release|Any CPU.Build.0 = Release|Any CPU
	EndGlobalSection
	GlobalSection(SolutionProperties) = preSolution
		HideSolutionNode = FALSE
	EndGlobalSection
	GlobalSection(ExtensibilityGlobals) = postSolution
		SolutionGuid = {CDFBD7EF-F0E8-4D90-B976-C4BE9B45403E}
	EndGlobalSection
EndGlobal
